
Microsoft Visual Studio Solution File, Format Version 12.00
# Visual Studio Version 16
VisualStudioVersion = 16.0.31129.286
MinimumVisualStudioVersion = 10.0.40219.1
Project("{FAE04EC0-301F-11D3-BF4B-00C04F79EFBC}") = "Demo", "Demo\Demo.csproj", "{2048F6FC-E911-4926-A123-86F60317A165}"
EndProject
Global
	GlobalSection(SolutionConfigurationPlatforms) = preSolution
		Debug|Any CPU = Debug|Any CPU
		Release|Any CPU = Release|Any CPU
	EndGlobalSection
	GlobalSection(ProjectConfigurationPlatforms) = postSolution
		{2048F6FC-E911-4926-A123-86F60317A165}.Debug|Any CPU.ActiveCfg = Debug|Any CPU
		{2048F6FC-E911-4926-A123-86F60317A165}.Debug|Any CPU.Build.0 = Debug|Any CPU
		{2048F6FC-E911-4926-A123-86F60317A165}.Release|Any CPU.ActiveCfg = Release|Any CPU
		{2048F6FC-E911-4926-A123-86F60317A165}.Release|Any CPU.Build.0 = Release|Any CPU
	EndGlobalSection
	GlobalSection(SolutionProperties) = preSolution
		HideSolutionNode = FALSE
	EndGlobalSection
	GlobalSection(ExtensibilityGlobals) = postSolution
		SolutionGuid = {FC709278-E387-4919-92C8-A2AE972D5F84}
	EndGlobalSection
EndGlobal
